
Microsoft Visual Studio Solution File, Format Version 12.00
# Visual Studio Version 17
VisualStudioVersion = 17.3.32929.385
MinimumVisualStudioVersion = 10.0.40219.1
Project("{FAE04EC0-301F-11D3-BF4B-00C04F79EFBC}") = "HW_0111", "HW_0111.csproj", "{C30396E6-E3DF-48CD-A980-0189485BEDAD}"
EndProject
Global
	GlobalSection(SolutionConfigurationPlatforms) = preSolution
		Debug|Any CPU = Debug|Any CPU
		Release|Any CPU = Release|Any CPU
	EndGlobalSection
	GlobalSection(ProjectConfigurationPlatforms) = postSolution
		{C30396E6-E3DF-48CD-A980-0189485BEDAD}.Debug|Any CPU.ActiveCfg = Debug|Any CPU
		{C30396E6-E3DF-48CD-A980-0189485BEDAD}.Debug|Any CPU.Build.0 = Debug|Any CPU
		{C30396E6-E3DF-48CD-A980-0189485BEDAD}.Release|Any CPU.ActiveCfg = Release|Any CPU
		{C30396E6-E3DF-48CD-A980-0189485BEDAD}.Release|Any CPU.Build.0 = Release|Any CPU
	EndGlobalSection
	GlobalSection(SolutionProperties) = preSolution
		HideSolutionNode = FALSE
	EndGlobalSection
	GlobalSection(ExtensibilityGlobals) = postSolution
		SolutionGuid = {79182FC3-274D-4297-916D-33B5ED55EC86}
	EndGlobalSection
EndGlobal
