
Microsoft Visual Studio Solution File, Format Version 12.00
# Visual Studio Version 17
VisualStudioVersion = 17.4.33110.190
MinimumVisualStudioVersion = 10.0.40219.1
Project("{FAE04EC0-301F-11D3-BF4B-00C04F79EFBC}") = "CW_0112", "CW_0112.csproj", "{AAD30D13-DA5E-4661-AA01-94E62B4FDB65}"
EndProject
Global
	GlobalSection(SolutionConfigurationPlatforms) = preSolution
		Debug|Any CPU = Debug|Any CPU
		Release|Any CPU = Release|Any CPU
	EndGlobalSection
	GlobalSection(ProjectConfigurationPlatforms) = postSolution
		{AAD30D13-DA5E-4661-AA01-94E62B4FDB65}.Debug|Any CPU.ActiveCfg = Debug|Any CPU
		{AAD30D13-DA5E-4661-AA01-94E62B4FDB65}.Debug|Any CPU.Build.0 = Debug|Any CPU
		{AAD30D13-DA5E-4661-AA01-94E62B4FDB65}.Release|Any CPU.ActiveCfg = Release|Any CPU
		{AAD30D13-DA5E-4661-AA01-94E62B4FDB65}.Release|Any CPU.Build.0 = Release|Any CPU
	EndGlobalSection
	GlobalSection(SolutionProperties) = preSolution
		HideSolutionNode = FALSE
	EndGlobalSection
	GlobalSection(ExtensibilityGlobals) = postSolution
		SolutionGuid = {037895EB-6941-4230-A9FA-262A6F117DBD}
	EndGlobalSection
EndGlobal
