
Microsoft Visual Studio Solution File, Format Version 12.00
# Visual Studio Version 17
VisualStudioVersion = 17.4.33103.184
MinimumVisualStudioVersion = 10.0.40219.1
Project("{FAE04EC0-301F-11D3-BF4B-00C04F79EFBC}") = "CW_1011", "CW_1011.csproj", "{4A9A0CF5-B9C8-44C0-AFE3-DF1715FB8564}"
EndProject
Global
	GlobalSection(SolutionConfigurationPlatforms) = preSolution
		Debug|Any CPU = Debug|Any CPU
		Release|Any CPU = Release|Any CPU
	EndGlobalSection
	GlobalSection(ProjectConfigurationPlatforms) = postSolution
		{4A9A0CF5-B9C8-44C0-AFE3-DF1715FB8564}.Debug|Any CPU.ActiveCfg = Debug|Any CPU
		{4A9A0CF5-B9C8-44C0-AFE3-DF1715FB8564}.Debug|Any CPU.Build.0 = Debug|Any CPU
		{4A9A0CF5-B9C8-44C0-AFE3-DF1715FB8564}.Release|Any CPU.ActiveCfg = Release|Any CPU
		{4A9A0CF5-B9C8-44C0-AFE3-DF1715FB8564}.Release|Any CPU.Build.0 = Release|Any CPU
	EndGlobalSection
	GlobalSection(SolutionProperties) = preSolution
		HideSolutionNode = FALSE
	EndGlobalSection
	GlobalSection(ExtensibilityGlobals) = postSolution
		SolutionGuid = {D620D60A-C4AB-4659-8664-76D263FE75B0}
	EndGlobalSection
EndGlobal
