
Microsoft Visual Studio Solution File, Format Version 12.00
# Visual Studio Version 17
VisualStudioVersion = 17.3.32929.385
MinimumVisualStudioVersion = 10.0.40219.1
Project("{FAE04EC0-301F-11D3-BF4B-00C04F79EFBC}") = "CW_0511", "CW_0511.csproj", "{046F5862-DDBD-4AA6-AE5D-F5271E55F8AE}"
EndProject
Global
	GlobalSection(SolutionConfigurationPlatforms) = preSolution
		Debug|Any CPU = Debug|Any CPU
		Release|Any CPU = Release|Any CPU
	EndGlobalSection
	GlobalSection(ProjectConfigurationPlatforms) = postSolution
		{046F5862-DDBD-4AA6-AE5D-F5271E55F8AE}.Debug|Any CPU.ActiveCfg = Debug|Any CPU
		{046F5862-DDBD-4AA6-AE5D-F5271E55F8AE}.Debug|Any CPU.Build.0 = Debug|Any CPU
		{046F5862-DDBD-4AA6-AE5D-F5271E55F8AE}.Release|Any CPU.ActiveCfg = Release|Any CPU
		{046F5862-DDBD-4AA6-AE5D-F5271E55F8AE}.Release|Any CPU.Build.0 = Release|Any CPU
	EndGlobalSection
	GlobalSection(SolutionProperties) = preSolution
		HideSolutionNode = FALSE
	EndGlobalSection
	GlobalSection(ExtensibilityGlobals) = postSolution
		SolutionGuid = {303A6797-6DE2-40B0-8E31-2C699300993D}
	EndGlobalSection
EndGlobal
