
Microsoft Visual Studio Solution File, Format Version 12.00
# Visual Studio Version 17
VisualStudioVersion = 17.4.33122.133
MinimumVisualStudioVersion = 10.0.40219.1
Project("{FAE04EC0-301F-11D3-BF4B-00C04F79EFBC}") = "HW_0212", "HW_0212.csproj", "{90BA5EE7-F6A6-4E56-8AA9-9FFE5952E89E}"
EndProject
Global
	GlobalSection(SolutionConfigurationPlatforms) = preSolution
		Debug|Any CPU = Debug|Any CPU
		Release|Any CPU = Release|Any CPU
	EndGlobalSection
	GlobalSection(ProjectConfigurationPlatforms) = postSolution
		{90BA5EE7-F6A6-4E56-8AA9-9FFE5952E89E}.Debug|Any CPU.ActiveCfg = Debug|Any CPU
		{90BA5EE7-F6A6-4E56-8AA9-9FFE5952E89E}.Debug|Any CPU.Build.0 = Debug|Any CPU
		{90BA5EE7-F6A6-4E56-8AA9-9FFE5952E89E}.Release|Any CPU.ActiveCfg = Release|Any CPU
		{90BA5EE7-F6A6-4E56-8AA9-9FFE5952E89E}.Release|Any CPU.Build.0 = Release|Any CPU
	EndGlobalSection
	GlobalSection(SolutionProperties) = preSolution
		HideSolutionNode = FALSE
	EndGlobalSection
	GlobalSection(ExtensibilityGlobals) = postSolution
		SolutionGuid = {EFF5AB89-7717-40B4-913B-C8061B3BA337}
	EndGlobalSection
EndGlobal
